{
  "name": "example",
  "version": "1.0.0",
  "lockfileVersion": 1,
  "requires": true,
  "dependencies": {
    "uni-mock": {
      "version": "2.0.6-beta",
      "resolved": "https://registry.npmjs.org/uni-mock/-/uni-mock-2.0.6-beta.tgz",
      "integrity": "sha512-JpOw+RCTx0TZvPJHRC020jvIz1GiRMIph4ycdF46IZ3SVQnxKaVCwe1GEfgpGIXkXgyCIsfIdmW2LKSUsKQymw==",
      "dev": true
    }
  }
}
